
Microsoft Visual Studio Solution File, Format Version 12.00
# Visual Studio Version 17
VisualStudioVersion = 17.3.32804.467
MinimumVisualStudioVersion = 10.0.40219.1
Project("{FAE04EC0-301F-11D3-BF4B-00C04F79EFBC}") = "ShellcodeRunner", "ShellcodeRunner.csproj", "{384ABF9C-64E0-4327-95C4-AD2D0B6576EF}"
EndProject
Global
	GlobalSection(SolutionConfigurationPlatforms) = preSolution
		Debug|Any CPU = Debug|Any CPU
		Release|Any CPU = Release|Any CPU
	EndGlobalSection
	GlobalSection(ProjectConfigurationPlatforms) = postSolution
		{384ABF9C-64E0-4327-95C4-AD2D0B6576EF}.Debug|Any CPU.ActiveCfg = Debug|Any CPU
		{384ABF9C-64E0-4327-95C4-AD2D0B6576EF}.Debug|Any CPU.Build.0 = Debug|Any CPU
		{384ABF9C-64E0-4327-95C4-AD2D0B6576EF}.Release|Any CPU.ActiveCfg = Release|Any CPU
		{384ABF9C-64E0-4327-95C4-AD2D0B6576EF}.Release|Any CPU.Build.0 = Release|Any CPU
	EndGlobalSection
	GlobalSection(SolutionProperties) = preSolution
		HideSolutionNode = FALSE
	EndGlobalSection
	GlobalSection(ExtensibilityGlobals) = postSolution
		SolutionGuid = {67CD8ACC-927C-4BEA-96E3-96E11AC59942}
	EndGlobalSection
EndGlobal
